
Microsoft Visual Studio Solution File, Format Version 12.00
# Visual Studio 2012
Project("{FAE04EC0-301F-11D3-BF4B-00C04F79EFBC}") = "WinterEngine.Hakpak", "WinterEngine.HakpakBuilder\WinterEngine.Hakpak.csproj", "{CB8FC1F9-0EA1-4F21-90EF-9776B8AE8337}"
EndProject
Project("{FAE04EC0-301F-11D3-BF4B-00C04F79EFBC}") = "WinterEngine.Library", "WinterEngine.Library\WinterEngine.Library.csproj", "{483CD518-A771-4FDA-A97E-DC2E42AEF780}"
EndProject
Project("{FAE04EC0-301F-11D3-BF4B-00C04F79EFBC}") = "WinterEngine.ERF", "WinterEngine.ERF\WinterEngine.ERF.csproj", "{71C617B1-E588-4187-8773-C0B6EF4569A1}"
EndProject
Project("{FAE04EC0-301F-11D3-BF4B-00C04F79EFBC}") = "WinterEngine.DataTransferObjects", "WinterEngine.DataTransferObjects\WinterEngine.DataTransferObjects.csproj", "{273D0963-A639-4529-BDC1-049BB8695799}"
EndProject
Project("{FAE04EC0-301F-11D3-BF4B-00C04F79EFBC}") = "WinterEngine.DataAccess", "WinterEngine.DataAccess\WinterEngine.DataAccess.csproj", "{0E481C4B-DD8F-4B26-84E7-CACDA79288F0}"
EndProject
Project("{FAE04EC0-301F-11D3-BF4B-00C04F79EFBC}") = "WinterEngine.Client", "WinterEngine.Client\WinterEngine.Client.csproj", "{649DE040-99C6-4838-ADA3-533D0DBD4325}"
EndProject
Project("{FAE04EC0-301F-11D3-BF4B-00C04F79EFBC}") = "WinterEngine.ClientContent", "WinterEngine.ClientContent\WinterEngine.ClientContent.contentproj", "{64B23BEF-DD26-4B81-AAA6-D9F46B0140B4}"
EndProject
Project("{FAE04EC0-301F-11D3-BF4B-00C04F79EFBC}") = "WinterEngine.Network", "WinterEngine.Network\WinterEngine.Network.csproj", "{FC7568BE-F997-4501-8A16-09D2AC3EADB3}"
EndProject
Project("{FAE04EC0-301F-11D3-BF4B-00C04F79EFBC}") = "WinterEngine.Editor", "WinterEngine.Editor\WinterEngine.Editor.csproj", "{44C2B348-A66D-46FC-871E-6624683E5671}"
EndProject
Project("{FAE04EC0-301F-11D3-BF4B-00C04F79EFBC}") = "WinterEngine.EditorContent", "WinterEngine.EditorContent\WinterEngine.EditorContent.contentproj", "{3984AD2A-6FCE-4828-8455-13D397771FD2}"
EndProject
Project("{FAE04EC0-301F-11D3-BF4B-00C04F79EFBC}") = "WinterEngine.Forms", "WinterEngine.Forms\WinterEngine.Forms.csproj", "{2891DB47-3F02-4E70-BE37-D272187438DF}"
EndProject
Project("{FAE04EC0-301F-11D3-BF4B-00C04F79EFBC}") = "WinterEngine.Server", "WinterEngine.Server\WinterEngine.Server.csproj", "{DDE07357-C3EA-4F85-A497-7E9F8FCA37B6}"
EndProject
Global
	GlobalSection(SolutionConfigurationPlatforms) = preSolution
		Debug|Any CPU = Debug|Any CPU
		Debug|Mixed Platforms = Debug|Mixed Platforms
		Debug|x86 = Debug|x86
		Release|Any CPU = Release|Any CPU
		Release|Mixed Platforms = Release|Mixed Platforms
		Release|x86 = Release|x86
	EndGlobalSection
	GlobalSection(ProjectConfigurationPlatforms) = postSolution
		{CB8FC1F9-0EA1-4F21-90EF-9776B8AE8337}.Debug|Any CPU.ActiveCfg = Debug|x86
		{CB8FC1F9-0EA1-4F21-90EF-9776B8AE8337}.Debug|Any CPU.Build.0 = Debug|x86
		{CB8FC1F9-0EA1-4F21-90EF-9776B8AE8337}.Debug|Mixed Platforms.ActiveCfg = Debug|x86
		{CB8FC1F9-0EA1-4F21-90EF-9776B8AE8337}.Debug|Mixed Platforms.Build.0 = Debug|x86
		{CB8FC1F9-0EA1-4F21-90EF-9776B8AE8337}.Debug|x86.ActiveCfg = Debug|x86
		{CB8FC1F9-0EA1-4F21-90EF-9776B8AE8337}.Debug|x86.Build.0 = Debug|x86
		{CB8FC1F9-0EA1-4F21-90EF-9776B8AE8337}.Release|Any CPU.ActiveCfg = Release|x86
		{CB8FC1F9-0EA1-4F21-90EF-9776B8AE8337}.Release|Any CPU.Build.0 = Release|x86
		{CB8FC1F9-0EA1-4F21-90EF-9776B8AE8337}.Release|Mixed Platforms.ActiveCfg = Release|x86
		{CB8FC1F9-0EA1-4F21-90EF-9776B8AE8337}.Release|Mixed Platforms.Build.0 = Release|x86
		{CB8FC1F9-0EA1-4F21-90EF-9776B8AE8337}.Release|x86.ActiveCfg = Release|x86
		{CB8FC1F9-0EA1-4F21-90EF-9776B8AE8337}.Release|x86.Build.0 = Release|x86
		{483CD518-A771-4FDA-A97E-DC2E42AEF780}.Debug|Any CPU.ActiveCfg = Debug|x86
		{483CD518-A771-4FDA-A97E-DC2E42AEF780}.Debug|Any CPU.Build.0 = Debug|x86
		{483CD518-A771-4FDA-A97E-DC2E42AEF780}.Debug|Mixed Platforms.ActiveCfg = Debug|Any CPU
		{483CD518-A771-4FDA-A97E-DC2E42AEF780}.Debug|Mixed Platforms.Build.0 = Debug|Any CPU
		{483CD518-A771-4FDA-A97E-DC2E42AEF780}.Debug|x86.ActiveCfg = Debug|Any CPU
		{483CD518-A771-4FDA-A97E-DC2E42AEF780}.Release|Any CPU.ActiveCfg = Release|x86
		{483CD518-A771-4FDA-A97E-DC2E42AEF780}.Release|Any CPU.Build.0 = Release|x86
		{483CD518-A771-4FDA-A97E-DC2E42AEF780}.Release|Mixed Platforms.ActiveCfg = Release|Any CPU
		{483CD518-A771-4FDA-A97E-DC2E42AEF780}.Release|Mixed Platforms.Build.0 = Release|Any CPU
		{483CD518-A771-4FDA-A97E-DC2E42AEF780}.Release|x86.ActiveCfg = Release|Any CPU
		{71C617B1-E588-4187-8773-C0B6EF4569A1}.Debug|Any CPU.ActiveCfg = Debug|x86
		{71C617B1-E588-4187-8773-C0B6EF4569A1}.Debug|Any CPU.Build.0 = Debug|x86
		{71C617B1-E588-4187-8773-C0B6EF4569A1}.Debug|Mixed Platforms.ActiveCfg = Debug|x86
		{71C617B1-E588-4187-8773-C0B6EF4569A1}.Debug|Mixed Platforms.Build.0 = Debug|x86
		{71C617B1-E588-4187-8773-C0B6EF4569A1}.Debug|x86.ActiveCfg = Debug|x86
		{71C617B1-E588-4187-8773-C0B6EF4569A1}.Debug|x86.Build.0 = Debug|x86
		{71C617B1-E588-4187-8773-C0B6EF4569A1}.Release|Any CPU.ActiveCfg = Release|x86
		{71C617B1-E588-4187-8773-C0B6EF4569A1}.Release|Any CPU.Build.0 = Release|x86
		{71C617B1-E588-4187-8773-C0B6EF4569A1}.Release|Mixed Platforms.ActiveCfg = Release|x86
		{71C617B1-E588-4187-8773-C0B6EF4569A1}.Release|Mixed Platforms.Build.0 = Release|x86
		{71C617B1-E588-4187-8773-C0B6EF4569A1}.Release|x86.ActiveCfg = Release|x86
		{71C617B1-E588-4187-8773-C0B6EF4569A1}.Release|x86.Build.0 = Release|x86
		{273D0963-A639-4529-BDC1-049BB8695799}.Debug|Any CPU.ActiveCfg = Debug|x86
		{273D0963-A639-4529-BDC1-049BB8695799}.Debug|Any CPU.Build.0 = Debug|x86
		{273D0963-A639-4529-BDC1-049BB8695799}.Debug|Mixed Platforms.ActiveCfg = Debug|Any CPU
		{273D0963-A639-4529-BDC1-049BB8695799}.Debug|Mixed Platforms.Build.0 = Debug|Any CPU
		{273D0963-A639-4529-BDC1-049BB8695799}.Debug|x86.ActiveCfg = Debug|Any CPU
		{273D0963-A639-4529-BDC1-049BB8695799}.Debug|x86.Build.0 = Debug|Any CPU
		{273D0963-A639-4529-BDC1-049BB8695799}.Release|Any CPU.ActiveCfg = Release|x86
		{273D0963-A639-4529-BDC1-049BB8695799}.Release|Any CPU.Build.0 = Release|x86
		{273D0963-A639-4529-BDC1-049BB8695799}.Release|Mixed Platforms.ActiveCfg = Release|Any CPU
		{273D0963-A639-4529-BDC1-049BB8695799}.Release|Mixed Platforms.Build.0 = Release|Any CPU
		{273D0963-A639-4529-BDC1-049BB8695799}.Release|x86.ActiveCfg = Release|Any CPU
		{0E481C4B-DD8F-4B26-84E7-CACDA79288F0}.Debug|Any CPU.ActiveCfg = Debug|x86
		{0E481C4B-DD8F-4B26-84E7-CACDA79288F0}.Debug|Any CPU.Build.0 = Debug|x86
		{0E481C4B-DD8F-4B26-84E7-CACDA79288F0}.Debug|Mixed Platforms.ActiveCfg = Debug|Any CPU
		{0E481C4B-DD8F-4B26-84E7-CACDA79288F0}.Debug|Mixed Platforms.Build.0 = Debug|Any CPU
		{0E481C4B-DD8F-4B26-84E7-CACDA79288F0}.Debug|x86.ActiveCfg = Debug|Any CPU
		{0E481C4B-DD8F-4B26-84E7-CACDA79288F0}.Debug|x86.Build.0 = Debug|Any CPU
		{0E481C4B-DD8F-4B26-84E7-CACDA79288F0}.Release|Any CPU.ActiveCfg = Release|x86
		{0E481C4B-DD8F-4B26-84E7-CACDA79288F0}.Release|Any CPU.Build.0 = Release|x86
		{0E481C4B-DD8F-4B26-84E7-CACDA79288F0}.Release|Mixed Platforms.ActiveCfg = Release|Any CPU
		{0E481C4B-DD8F-4B26-84E7-CACDA79288F0}.Release|Mixed Platforms.Build.0 = Release|Any CPU
		{0E481C4B-DD8F-4B26-84E7-CACDA79288F0}.Release|x86.ActiveCfg = Release|Any CPU
		{649DE040-99C6-4838-ADA3-533D0DBD4325}.Debug|Any CPU.ActiveCfg = Debug|x86
		{649DE040-99C6-4838-ADA3-533D0DBD4325}.Debug|Any CPU.Build.0 = Debug|x86
		{649DE040-99C6-4838-ADA3-533D0DBD4325}.Debug|Mixed Platforms.ActiveCfg = Debug|x86
		{649DE040-99C6-4838-ADA3-533D0DBD4325}.Debug|Mixed Platforms.Build.0 = Debug|x86
		{649DE040-99C6-4838-ADA3-533D0DBD4325}.Debug|x86.ActiveCfg = Debug|x86
		{649DE040-99C6-4838-ADA3-533D0DBD4325}.Debug|x86.Build.0 = Debug|x86
		{649DE040-99C6-4838-ADA3-533D0DBD4325}.Release|Any CPU.ActiveCfg = Release|x86
		{649DE040-99C6-4838-ADA3-533D0DBD4325}.Release|Any CPU.Build.0 = Release|x86
		{649DE040-99C6-4838-ADA3-533D0DBD4325}.Release|Mixed Platforms.ActiveCfg = Release|x86
		{649DE040-99C6-4838-ADA3-533D0DBD4325}.Release|Mixed Platforms.Build.0 = Release|x86
		{649DE040-99C6-4838-ADA3-533D0DBD4325}.Release|x86.ActiveCfg = Release|x86
		{649DE040-99C6-4838-ADA3-533D0DBD4325}.Release|x86.Build.0 = Release|x86
		{64B23BEF-DD26-4B81-AAA6-D9F46B0140B4}.Debug|Any CPU.ActiveCfg = Debug|x86
		{64B23BEF-DD26-4B81-AAA6-D9F46B0140B4}.Debug|Mixed Platforms.ActiveCfg = Debug|x86
		{64B23BEF-DD26-4B81-AAA6-D9F46B0140B4}.Debug|x86.ActiveCfg = Debug|x86
		{64B23BEF-DD26-4B81-AAA6-D9F46B0140B4}.Release|Any CPU.ActiveCfg = Release|x86
		{64B23BEF-DD26-4B81-AAA6-D9F46B0140B4}.Release|Mixed Platforms.ActiveCfg = Release|x86
		{64B23BEF-DD26-4B81-AAA6-D9F46B0140B4}.Release|x86.ActiveCfg = Release|x86
		{FC7568BE-F997-4501-8A16-09D2AC3EADB3}.Debug|Any CPU.ActiveCfg = Debug|x86
		{FC7568BE-F997-4501-8A16-09D2AC3EADB3}.Debug|Any CPU.Build.0 = Debug|x86
		{FC7568BE-F997-4501-8A16-09D2AC3EADB3}.Debug|Mixed Platforms.ActiveCfg = Debug|Any CPU
		{FC7568BE-F997-4501-8A16-09D2AC3EADB3}.Debug|Mixed Platforms.Build.0 = Debug|Any CPU
		{FC7568BE-F997-4501-8A16-09D2AC3EADB3}.Debug|x86.ActiveCfg = Debug|Any CPU
		{FC7568BE-F997-4501-8A16-09D2AC3EADB3}.Release|Any CPU.ActiveCfg = Release|x86
		{FC7568BE-F997-4501-8A16-09D2AC3EADB3}.Release|Any CPU.Build.0 = Release|x86
		{FC7568BE-F997-4501-8A16-09D2AC3EADB3}.Release|Mixed Platforms.ActiveCfg = Release|Any CPU
		{FC7568BE-F997-4501-8A16-09D2AC3EADB3}.Release|Mixed Platforms.Build.0 = Release|Any CPU
		{FC7568BE-F997-4501-8A16-09D2AC3EADB3}.Release|x86.ActiveCfg = Release|Any CPU
		{44C2B348-A66D-46FC-871E-6624683E5671}.Debug|Any CPU.ActiveCfg = Debug|x86
		{44C2B348-A66D-46FC-871E-6624683E5671}.Debug|Any CPU.Build.0 = Debug|x86
		{44C2B348-A66D-46FC-871E-6624683E5671}.Debug|Mixed Platforms.ActiveCfg = Debug|x86
		{44C2B348-A66D-46FC-871E-6624683E5671}.Debug|Mixed Platforms.Build.0 = Debug|x86
		{44C2B348-A66D-46FC-871E-6624683E5671}.Debug|x86.ActiveCfg = Debug|x86
		{44C2B348-A66D-46FC-871E-6624683E5671}.Debug|x86.Build.0 = Debug|x86
		{44C2B348-A66D-46FC-871E-6624683E5671}.Release|Any CPU.ActiveCfg = Release|x86
		{44C2B348-A66D-46FC-871E-6624683E5671}.Release|Any CPU.Build.0 = Release|x86
		{44C2B348-A66D-46FC-871E-6624683E5671}.Release|Mixed Platforms.ActiveCfg = Release|x86
		{44C2B348-A66D-46FC-871E-6624683E5671}.Release|Mixed Platforms.Build.0 = Release|x86
		{44C2B348-A66D-46FC-871E-6624683E5671}.Release|x86.ActiveCfg = Release|x86
		{44C2B348-A66D-46FC-871E-6624683E5671}.Release|x86.Build.0 = Release|x86
		{3984AD2A-6FCE-4828-8455-13D397771FD2}.Debug|Any CPU.ActiveCfg = Debug|x86
		{3984AD2A-6FCE-4828-8455-13D397771FD2}.Debug|Mixed Platforms.ActiveCfg = Debug|x86
		{3984AD2A-6FCE-4828-8455-13D397771FD2}.Debug|x86.ActiveCfg = Debug|x86
		{3984AD2A-6FCE-4828-8455-13D397771FD2}.Release|Any CPU.ActiveCfg = Release|x86
		{3984AD2A-6FCE-4828-8455-13D397771FD2}.Release|Mixed Platforms.ActiveCfg = Release|x86
		{3984AD2A-6FCE-4828-8455-13D397771FD2}.Release|x86.ActiveCfg = Release|x86
		{2891DB47-3F02-4E70-BE37-D272187438DF}.Debug|Any CPU.ActiveCfg = Debug|x86
		{2891DB47-3F02-4E70-BE37-D272187438DF}.Debug|Any CPU.Build.0 = Debug|x86
		{2891DB47-3F02-4E70-BE37-D272187438DF}.Debug|Mixed Platforms.ActiveCfg = Debug|Any CPU
		{2891DB47-3F02-4E70-BE37-D272187438DF}.Debug|Mixed Platforms.Build.0 = Debug|Any CPU
		{2891DB47-3F02-4E70-BE37-D272187438DF}.Debug|x86.ActiveCfg = Debug|Any CPU
		{2891DB47-3F02-4E70-BE37-D272187438DF}.Release|Any CPU.ActiveCfg = Release|x86
		{2891DB47-3F02-4E70-BE37-D272187438DF}.Release|Any CPU.Build.0 = Release|x86
		{2891DB47-3F02-4E70-BE37-D272187438DF}.Release|Mixed Platforms.ActiveCfg = Release|Any CPU
		{2891DB47-3F02-4E70-BE37-D272187438DF}.Release|Mixed Platforms.Build.0 = Release|Any CPU
		{2891DB47-3F02-4E70-BE37-D272187438DF}.Release|x86.ActiveCfg = Release|Any CPU
		{DDE07357-C3EA-4F85-A497-7E9F8FCA37B6}.Debug|Any CPU.ActiveCfg = Debug|x86
		{DDE07357-C3EA-4F85-A497-7E9F8FCA37B6}.Debug|Any CPU.Build.0 = Debug|x86
		{DDE07357-C3EA-4F85-A497-7E9F8FCA37B6}.Debug|Mixed Platforms.ActiveCfg = Debug|Any CPU
		{DDE07357-C3EA-4F85-A497-7E9F8FCA37B6}.Debug|Mixed Platforms.Build.0 = Debug|Any CPU
		{DDE07357-C3EA-4F85-A497-7E9F8FCA37B6}.Debug|x86.ActiveCfg = Debug|Any CPU
		{DDE07357-C3EA-4F85-A497-7E9F8FCA37B6}.Release|Any CPU.ActiveCfg = Release|x86
		{DDE07357-C3EA-4F85-A497-7E9F8FCA37B6}.Release|Any CPU.Build.0 = Release|x86
		{DDE07357-C3EA-4F85-A497-7E9F8FCA37B6}.Release|Mixed Platforms.ActiveCfg = Release|Any CPU
		{DDE07357-C3EA-4F85-A497-7E9F8FCA37B6}.Release|Mixed Platforms.Build.0 = Release|Any CPU
		{DDE07357-C3EA-4F85-A497-7E9F8FCA37B6}.Release|x86.ActiveCfg = Release|Any CPU
	EndGlobalSection
	GlobalSection(SolutionProperties) = preSolution
		HideSolutionNode = FALSE
	EndGlobalSection
	GlobalSection(NDepend) = preSolution
		Project = ".\WinterEngine.ndproj"
	EndGlobalSection
EndGlobal
