
Microsoft Visual Studio Solution File, Format Version 12.00
# Visual Studio Express 2013 for Windows Desktop
VisualStudioVersion = 12.0.20827.3
MinimumVisualStudioVersion = 10.0.40219.1
Project("{FAE04EC0-301F-11D3-BF4B-00C04F79EFBC}") = "WinterEngine.Library", "WinterEngine.Library\WinterEngine.Library.csproj", "{483CD518-A771-4FDA-A97E-DC2E42AEF780}"
EndProject
Project("{FAE04EC0-301F-11D3-BF4B-00C04F79EFBC}") = "WinterEngine.DataTransferObjects", "WinterEngine.DataTransferObjects\WinterEngine.DataTransferObjects.csproj", "{273D0963-A639-4529-BDC1-049BB8695799}"
EndProject
Project("{FAE04EC0-301F-11D3-BF4B-00C04F79EFBC}") = "WinterEngine.DataAccess", "WinterEngine.DataAccess\WinterEngine.DataAccess.csproj", "{0E481C4B-DD8F-4B26-84E7-CACDA79288F0}"
EndProject
Project("{FAE04EC0-301F-11D3-BF4B-00C04F79EFBC}") = "WinterEngine.Network", "WinterEngine.Network\WinterEngine.Network.csproj", "{FC7568BE-F997-4501-8A16-09D2AC3EADB3}"
EndProject
Project("{FAE04EC0-301F-11D3-BF4B-00C04F79EFBC}") = "WinterEngine.Game", "WinterEngine.Game\WinterEngine.Game.csproj", "{649DE040-99C6-4838-ADA3-533D0DBD4325}"
EndProject
Project("{FAE04EC0-301F-11D3-BF4B-00C04F79EFBC}") = "WinterEngine.GameContent", "WinterEngine.GameContent\WinterEngine.GameContent.contentproj", "{64B23BEF-DD26-4B81-AAA6-D9F46B0140B4}"
EndProject
Project("{FAE04EC0-301F-11D3-BF4B-00C04F79EFBC}") = "WinterEngine.UI", "WinterEngine.UI\WinterEngine.UI.csproj", "{0D850A82-EB14-418A-889D-E5AD2C23675F}"
EndProject
Project("{FAE04EC0-301F-11D3-BF4B-00C04F79EFBC}") = "WinterEngine.Server", "WinterEngine.Server\WinterEngine.Server.csproj", "{4BB5FCB0-6103-4F8D-AF63-B5BA5A7C674C}"
EndProject
Project("{FAE04EC0-301F-11D3-BF4B-00C04F79EFBC}") = "WinterEngine.ContentPackageCreator", "WinterEngine.ContentPackageCreator\WinterEngine.ContentPackageCreator.csproj", "{2AB6CA62-100C-4BCF-AE3B-A57746FFB620}"
EndProject
Global
	GlobalSection(SolutionConfigurationPlatforms) = preSolution
		Debug|Any CPU = Debug|Any CPU
		Debug|Mixed Platforms = Debug|Mixed Platforms
		Debug|x64 = Debug|x64
		Debug|x86 = Debug|x86
		Release|Any CPU = Release|Any CPU
		Release|Mixed Platforms = Release|Mixed Platforms
		Release|x64 = Release|x64
		Release|x86 = Release|x86
	EndGlobalSection
	GlobalSection(ProjectConfigurationPlatforms) = postSolution
		{483CD518-A771-4FDA-A97E-DC2E42AEF780}.Debug|Any CPU.ActiveCfg = Debug|x86
		{483CD518-A771-4FDA-A97E-DC2E42AEF780}.Debug|Any CPU.Build.0 = Debug|x86
		{483CD518-A771-4FDA-A97E-DC2E42AEF780}.Debug|Mixed Platforms.ActiveCfg = Debug|Any CPU
		{483CD518-A771-4FDA-A97E-DC2E42AEF780}.Debug|Mixed Platforms.Build.0 = Debug|Any CPU
		{483CD518-A771-4FDA-A97E-DC2E42AEF780}.Debug|x64.ActiveCfg = Debug|Any CPU
		{483CD518-A771-4FDA-A97E-DC2E42AEF780}.Debug|x86.ActiveCfg = Debug|Any CPU
		{483CD518-A771-4FDA-A97E-DC2E42AEF780}.Release|Any CPU.ActiveCfg = Release|x86
		{483CD518-A771-4FDA-A97E-DC2E42AEF780}.Release|Any CPU.Build.0 = Release|x86
		{483CD518-A771-4FDA-A97E-DC2E42AEF780}.Release|Mixed Platforms.ActiveCfg = Release|Any CPU
		{483CD518-A771-4FDA-A97E-DC2E42AEF780}.Release|Mixed Platforms.Build.0 = Release|Any CPU
		{483CD518-A771-4FDA-A97E-DC2E42AEF780}.Release|x64.ActiveCfg = Release|Any CPU
		{483CD518-A771-4FDA-A97E-DC2E42AEF780}.Release|x86.ActiveCfg = Release|Any CPU
		{273D0963-A639-4529-BDC1-049BB8695799}.Debug|Any CPU.ActiveCfg = Debug|x86
		{273D0963-A639-4529-BDC1-049BB8695799}.Debug|Any CPU.Build.0 = Debug|x86
		{273D0963-A639-4529-BDC1-049BB8695799}.Debug|Mixed Platforms.ActiveCfg = Debug|Any CPU
		{273D0963-A639-4529-BDC1-049BB8695799}.Debug|Mixed Platforms.Build.0 = Debug|Any CPU
		{273D0963-A639-4529-BDC1-049BB8695799}.Debug|x64.ActiveCfg = Debug|Any CPU
		{273D0963-A639-4529-BDC1-049BB8695799}.Debug|x86.ActiveCfg = Debug|Any CPU
		{273D0963-A639-4529-BDC1-049BB8695799}.Debug|x86.Build.0 = Debug|Any CPU
		{273D0963-A639-4529-BDC1-049BB8695799}.Release|Any CPU.ActiveCfg = Release|x86
		{273D0963-A639-4529-BDC1-049BB8695799}.Release|Any CPU.Build.0 = Release|x86
		{273D0963-A639-4529-BDC1-049BB8695799}.Release|Mixed Platforms.ActiveCfg = Release|Any CPU
		{273D0963-A639-4529-BDC1-049BB8695799}.Release|Mixed Platforms.Build.0 = Release|Any CPU
		{273D0963-A639-4529-BDC1-049BB8695799}.Release|x64.ActiveCfg = Release|Any CPU
		{273D0963-A639-4529-BDC1-049BB8695799}.Release|x86.ActiveCfg = Release|Any CPU
		{0E481C4B-DD8F-4B26-84E7-CACDA79288F0}.Debug|Any CPU.ActiveCfg = Debug|x86
		{0E481C4B-DD8F-4B26-84E7-CACDA79288F0}.Debug|Any CPU.Build.0 = Debug|x86
		{0E481C4B-DD8F-4B26-84E7-CACDA79288F0}.Debug|Mixed Platforms.ActiveCfg = Debug|Any CPU
		{0E481C4B-DD8F-4B26-84E7-CACDA79288F0}.Debug|Mixed Platforms.Build.0 = Debug|Any CPU
		{0E481C4B-DD8F-4B26-84E7-CACDA79288F0}.Debug|x64.ActiveCfg = Debug|Any CPU
		{0E481C4B-DD8F-4B26-84E7-CACDA79288F0}.Debug|x86.ActiveCfg = Debug|Any CPU
		{0E481C4B-DD8F-4B26-84E7-CACDA79288F0}.Debug|x86.Build.0 = Debug|Any CPU
		{0E481C4B-DD8F-4B26-84E7-CACDA79288F0}.Release|Any CPU.ActiveCfg = Release|x86
		{0E481C4B-DD8F-4B26-84E7-CACDA79288F0}.Release|Any CPU.Build.0 = Release|x86
		{0E481C4B-DD8F-4B26-84E7-CACDA79288F0}.Release|Mixed Platforms.ActiveCfg = Release|Any CPU
		{0E481C4B-DD8F-4B26-84E7-CACDA79288F0}.Release|Mixed Platforms.Build.0 = Release|Any CPU
		{0E481C4B-DD8F-4B26-84E7-CACDA79288F0}.Release|x64.ActiveCfg = Release|Any CPU
		{0E481C4B-DD8F-4B26-84E7-CACDA79288F0}.Release|x86.ActiveCfg = Release|Any CPU
		{FC7568BE-F997-4501-8A16-09D2AC3EADB3}.Debug|Any CPU.ActiveCfg = Debug|x86
		{FC7568BE-F997-4501-8A16-09D2AC3EADB3}.Debug|Any CPU.Build.0 = Debug|x86
		{FC7568BE-F997-4501-8A16-09D2AC3EADB3}.Debug|Mixed Platforms.ActiveCfg = Debug|Any CPU
		{FC7568BE-F997-4501-8A16-09D2AC3EADB3}.Debug|Mixed Platforms.Build.0 = Debug|Any CPU
		{FC7568BE-F997-4501-8A16-09D2AC3EADB3}.Debug|x64.ActiveCfg = Debug|Any CPU
		{FC7568BE-F997-4501-8A16-09D2AC3EADB3}.Debug|x86.ActiveCfg = Debug|Any CPU
		{FC7568BE-F997-4501-8A16-09D2AC3EADB3}.Release|Any CPU.ActiveCfg = Release|x86
		{FC7568BE-F997-4501-8A16-09D2AC3EADB3}.Release|Any CPU.Build.0 = Release|x86
		{FC7568BE-F997-4501-8A16-09D2AC3EADB3}.Release|Mixed Platforms.ActiveCfg = Release|Any CPU
		{FC7568BE-F997-4501-8A16-09D2AC3EADB3}.Release|Mixed Platforms.Build.0 = Release|Any CPU
		{FC7568BE-F997-4501-8A16-09D2AC3EADB3}.Release|x64.ActiveCfg = Release|Any CPU
		{FC7568BE-F997-4501-8A16-09D2AC3EADB3}.Release|x86.ActiveCfg = Release|Any CPU
		{649DE040-99C6-4838-ADA3-533D0DBD4325}.Debug|Any CPU.ActiveCfg = Debug|x86
		{649DE040-99C6-4838-ADA3-533D0DBD4325}.Debug|Any CPU.Build.0 = Debug|x86
		{649DE040-99C6-4838-ADA3-533D0DBD4325}.Debug|Mixed Platforms.ActiveCfg = Debug|x86
		{649DE040-99C6-4838-ADA3-533D0DBD4325}.Debug|Mixed Platforms.Build.0 = Debug|x86
		{649DE040-99C6-4838-ADA3-533D0DBD4325}.Debug|x64.ActiveCfg = Debug|x86
		{649DE040-99C6-4838-ADA3-533D0DBD4325}.Debug|x86.ActiveCfg = Debug|x86
		{649DE040-99C6-4838-ADA3-533D0DBD4325}.Debug|x86.Build.0 = Debug|x86
		{649DE040-99C6-4838-ADA3-533D0DBD4325}.Release|Any CPU.ActiveCfg = Release|x86
		{649DE040-99C6-4838-ADA3-533D0DBD4325}.Release|Any CPU.Build.0 = Release|x86
		{649DE040-99C6-4838-ADA3-533D0DBD4325}.Release|Mixed Platforms.ActiveCfg = Release|x86
		{649DE040-99C6-4838-ADA3-533D0DBD4325}.Release|Mixed Platforms.Build.0 = Release|x86
		{649DE040-99C6-4838-ADA3-533D0DBD4325}.Release|x64.ActiveCfg = Release|x86
		{649DE040-99C6-4838-ADA3-533D0DBD4325}.Release|x86.ActiveCfg = Release|x86
		{649DE040-99C6-4838-ADA3-533D0DBD4325}.Release|x86.Build.0 = Release|x86
		{64B23BEF-DD26-4B81-AAA6-D9F46B0140B4}.Debug|Any CPU.ActiveCfg = Debug|x86
		{64B23BEF-DD26-4B81-AAA6-D9F46B0140B4}.Debug|Mixed Platforms.ActiveCfg = Debug|x86
		{64B23BEF-DD26-4B81-AAA6-D9F46B0140B4}.Debug|x64.ActiveCfg = Debug|x86
		{64B23BEF-DD26-4B81-AAA6-D9F46B0140B4}.Debug|x86.ActiveCfg = Debug|x86
		{64B23BEF-DD26-4B81-AAA6-D9F46B0140B4}.Release|Any CPU.ActiveCfg = Release|x86
		{64B23BEF-DD26-4B81-AAA6-D9F46B0140B4}.Release|Mixed Platforms.ActiveCfg = Release|x86
		{64B23BEF-DD26-4B81-AAA6-D9F46B0140B4}.Release|x64.ActiveCfg = Release|x86
		{64B23BEF-DD26-4B81-AAA6-D9F46B0140B4}.Release|x86.ActiveCfg = Release|x86
		{0D850A82-EB14-418A-889D-E5AD2C23675F}.Debug|Any CPU.ActiveCfg = Debug|x86
		{0D850A82-EB14-418A-889D-E5AD2C23675F}.Debug|Any CPU.Build.0 = Debug|x86
		{0D850A82-EB14-418A-889D-E5AD2C23675F}.Debug|Mixed Platforms.ActiveCfg = Debug|Any CPU
		{0D850A82-EB14-418A-889D-E5AD2C23675F}.Debug|Mixed Platforms.Build.0 = Debug|Any CPU
		{0D850A82-EB14-418A-889D-E5AD2C23675F}.Debug|x64.ActiveCfg = Debug|Any CPU
		{0D850A82-EB14-418A-889D-E5AD2C23675F}.Debug|x86.ActiveCfg = Debug|Any CPU
		{0D850A82-EB14-418A-889D-E5AD2C23675F}.Release|Any CPU.ActiveCfg = Release|x86
		{0D850A82-EB14-418A-889D-E5AD2C23675F}.Release|Any CPU.Build.0 = Release|x86
		{0D850A82-EB14-418A-889D-E5AD2C23675F}.Release|Mixed Platforms.ActiveCfg = Release|Any CPU
		{0D850A82-EB14-418A-889D-E5AD2C23675F}.Release|Mixed Platforms.Build.0 = Release|Any CPU
		{0D850A82-EB14-418A-889D-E5AD2C23675F}.Release|x64.ActiveCfg = Release|Any CPU
		{0D850A82-EB14-418A-889D-E5AD2C23675F}.Release|x86.ActiveCfg = Release|Any CPU
		{4BB5FCB0-6103-4F8D-AF63-B5BA5A7C674C}.Debug|Any CPU.ActiveCfg = Debug|x86
		{4BB5FCB0-6103-4F8D-AF63-B5BA5A7C674C}.Debug|Any CPU.Build.0 = Debug|x86
		{4BB5FCB0-6103-4F8D-AF63-B5BA5A7C674C}.Debug|Mixed Platforms.ActiveCfg = Debug|x86
		{4BB5FCB0-6103-4F8D-AF63-B5BA5A7C674C}.Debug|Mixed Platforms.Build.0 = Debug|x86
		{4BB5FCB0-6103-4F8D-AF63-B5BA5A7C674C}.Debug|x64.ActiveCfg = Debug|x86
		{4BB5FCB0-6103-4F8D-AF63-B5BA5A7C674C}.Debug|x86.ActiveCfg = Debug|x86
		{4BB5FCB0-6103-4F8D-AF63-B5BA5A7C674C}.Debug|x86.Build.0 = Debug|x86
		{4BB5FCB0-6103-4F8D-AF63-B5BA5A7C674C}.Release|Any CPU.ActiveCfg = Release|x86
		{4BB5FCB0-6103-4F8D-AF63-B5BA5A7C674C}.Release|Any CPU.Build.0 = Release|x86
		{4BB5FCB0-6103-4F8D-AF63-B5BA5A7C674C}.Release|Mixed Platforms.ActiveCfg = Release|x86
		{4BB5FCB0-6103-4F8D-AF63-B5BA5A7C674C}.Release|Mixed Platforms.Build.0 = Release|x86
		{4BB5FCB0-6103-4F8D-AF63-B5BA5A7C674C}.Release|x64.ActiveCfg = Release|x86
		{4BB5FCB0-6103-4F8D-AF63-B5BA5A7C674C}.Release|x86.ActiveCfg = Release|x86
		{4BB5FCB0-6103-4F8D-AF63-B5BA5A7C674C}.Release|x86.Build.0 = Release|x86
		{2AB6CA62-100C-4BCF-AE3B-A57746FFB620}.Debug|Any CPU.ActiveCfg = Debug|Any CPU
		{2AB6CA62-100C-4BCF-AE3B-A57746FFB620}.Debug|Any CPU.Build.0 = Debug|Any CPU
		{2AB6CA62-100C-4BCF-AE3B-A57746FFB620}.Debug|Mixed Platforms.ActiveCfg = Debug|Any CPU
		{2AB6CA62-100C-4BCF-AE3B-A57746FFB620}.Debug|Mixed Platforms.Build.0 = Debug|Any CPU
		{2AB6CA62-100C-4BCF-AE3B-A57746FFB620}.Debug|x64.ActiveCfg = Debug|Any CPU
		{2AB6CA62-100C-4BCF-AE3B-A57746FFB620}.Debug|x86.ActiveCfg = Debug|Any CPU
		{2AB6CA62-100C-4BCF-AE3B-A57746FFB620}.Release|Any CPU.ActiveCfg = Release|Any CPU
		{2AB6CA62-100C-4BCF-AE3B-A57746FFB620}.Release|Any CPU.Build.0 = Release|Any CPU
		{2AB6CA62-100C-4BCF-AE3B-A57746FFB620}.Release|Mixed Platforms.ActiveCfg = Release|Any CPU
		{2AB6CA62-100C-4BCF-AE3B-A57746FFB620}.Release|Mixed Platforms.Build.0 = Release|Any CPU
		{2AB6CA62-100C-4BCF-AE3B-A57746FFB620}.Release|x64.ActiveCfg = Release|Any CPU
		{2AB6CA62-100C-4BCF-AE3B-A57746FFB620}.Release|x86.ActiveCfg = Release|Any CPU
	EndGlobalSection
	GlobalSection(SolutionProperties) = preSolution
		HideSolutionNode = FALSE
	EndGlobalSection
	GlobalSection(NDepend) = preSolution
		Project = ".\WinterEngine.ndproj"
	EndGlobalSection
EndGlobal
